// !$*UTF8*$!
{
	archiveVersion = 1;
	classes = {
	};
	objectVersion = 56;
	objects = {

/* Begin PBXBuildFile section */
		85F2A36129CCEBBF00DFF81E /* MotorizeApp.swift in Sources */ = {isa = PBXBuildFile; fileRef = 85F2A36029CCEBBF00DFF81E /* MotorizeApp.swift */; };
		85F2A36329CCEBBF00DFF81E /* ContentView.swift in Sources */ = {isa = PBXBuildFile; fileRef = 85F2A36229CCEBBF00DFF81E /* ContentView.swift */; };
		85F2A36529CCEBC100DFF81E /* Assets.xcassets in Resources */ = {isa = PBXBuildFile; fileRef = 85F2A36429CCEBC100DFF81E /* Assets.xcassets */; };
		85F2A36829CCEBC100DFF81E /* Preview Assets.xcassets in Resources */ = {isa = PBXBuildFile; fileRef = 85F2A36729CCEBC100DFF81E /* Preview Assets.xcassets */; };
		85F2A37729CCEDAA00DFF81E /* MotorizeTests.swift in Sources */ = {isa = PBXBuildFile; fileRef = 85F2A37629CCEDAA00DFF81E /* MotorizeTests.swift */; };
/* End PBXBuildFile section */

/* Begin PBXContainerItemProxy section */
		85F2A37829CCEDAA00DFF81E /* PBXContainerItemProxy */ = {
			isa = PBXContainerItemProxy;
			containerPortal = 85F2A35529CCEBBF00DFF81E /* Project object */;
			proxyType = 1;
			remoteGlobalIDString = 85F2A35C29CCEBBF00DFF81E;
			remoteInfo = Motorize;
		};
/* End PBXContainerItemProxy section */

/* Begin PBXFileReference section */
		85F2A35D29CCEBBF00DFF81E /* Motorize.app */ = {isa = PBXFileReference; explicitFileType = wrapper.application; includeInIndex = 0; path = Motorize.app; sourceTree = BUILT_PRODUCTS_DIR; };
		85F2A36029CCEBBF00DFF81E /* MotorizeApp.swift */ = {isa = PBXFileReference; lastKnownFileType = sourcecode.swift; path = MotorizeApp.swift; sourceTree = "<group>"; };
		85F2A36229CCEBBF00DFF81E /* ContentView.swift */ = {isa = PBXFileReference; lastKnownFileType = sourcecode.swift; path = ContentView.swift; sourceTree = "<group>"; };
		85F2A36429CCEBC100DFF81E /* Assets.xcassets */ = {isa = PBXFileReference; lastKnownFileType = folder.assetcatalog; path = Assets.xcassets; sourceTree = "<group>"; };
		85F2A36729CCEBC100DFF81E /* Preview Assets.xcassets */ = {isa = PBXFileReference; lastKnownFileType = folder.assetcatalog; path = "Preview Assets.xcassets"; sourceTree = "<group>"; };
		85F2A37429CCEDAA00DFF81E /* MotorizeTests.xctest */ = {isa = PBXFileReference; explicitFileType = wrapper.cfbundle; includeInIndex = 0; path = MotorizeTests.xctest; sourceTree = BUILT_PRODUCTS_DIR; };
		85F2A37629CCEDAA00DFF81E /* MotorizeTests.swift */ = {isa = PBXFileReference; lastKnownFileType = sourcecode.swift; path = MotorizeTests.swift; sourceTree = "<group>"; };
/* End PBXFileReference section */

/* Begin PBXFrameworksBuildPhase section */
		85F2A35A29CCEBBF00DFF81E /* Frameworks */ = {
			isa = PBXFrameworksBuildPhase;
			buildActionMask = 2147483647;
			files = (
			);
			runOnlyForDeploymentPostprocessing = 0;
		};
		85F2A37129CCEDAA00DFF81E /* Frameworks */ = {
			isa = PBXFrameworksBuildPhase;
			buildActionMask = 2147483647;
			files = (
			);
			runOnlyForDeploymentPostprocessing = 0;
		};
/* End PBXFrameworksBuildPhase section */

/* Begin PBXGroup section */
		85F2A35429CCEBBF00DFF81E = {
			isa = PBXGroup;
			children = (
				85F2A35F29CCEBBF00DFF81E /* Motorize */,
				85F2A37529CCEDAA00DFF81E /* MotorizeTests */,
				85F2A35E29CCEBBF00DFF81E /* Products */,
			);
			sourceTree = "<group>";
		};
		85F2A35E29CCEBBF00DFF81E /* Products */ = {
			isa = PBXGroup;
			children = (
				85F2A35D29CCEBBF00DFF81E /* Motorize.app */,
				85F2A37429CCEDAA00DFF81E /* MotorizeTests.xctest */,
			);
			name = Products;
			sourceTree = "<group>";
		};
		85F2A35F29CCEBBF00DFF81E /* Motorize */ = {
			isa = PBXGroup;
			children = (
				85F2A36F29CCED3600DFF81E /* Data */,
				85F2A36E29CCED3000DFF81E /* Domain */,
				85F2A36029CCEBBF00DFF81E /* MotorizeApp.swift */,
				85F2A36229CCEBBF00DFF81E /* ContentView.swift */,
				85F2A36429CCEBC100DFF81E /* Assets.xcassets */,
				85F2A36629CCEBC100DFF81E /* Preview Content */,
			);
			path = Motorize;
			sourceTree = "<group>";
		};
		85F2A36629CCEBC100DFF81E /* Preview Content */ = {
			isa = PBXGroup;
			children = (
				85F2A36729CCEBC100DFF81E /* Preview Assets.xcassets */,
			);
			path = "Preview Content";
			sourceTree = "<group>";
		};
		85F2A36E29CCED3000DFF81E /* Domain */ = {
			isa = PBXGroup;
			children = (
				85F2A37D29CCEDC700DFF81E /* FipeServiceUseCase */,
			);
			path = Domain;
			sourceTree = "<group>";
		};
		85F2A36F29CCED3600DFF81E /* Data */ = {
			isa = PBXGroup;
			children = (
			);
			path = Data;
			sourceTree = "<group>";
		};
		85F2A37529CCEDAA00DFF81E /* MotorizeTests */ = {
			isa = PBXGroup;
			children = (
				85F2A37629CCEDAA00DFF81E /* MotorizeTests.swift */,
			);
			path = MotorizeTests;
			sourceTree = "<group>";
		};
		85F2A37D29CCEDC700DFF81E /* FipeServiceUseCase */ = {
			isa = PBXGroup;
			children = (
			);
			path = FipeServiceUseCase;
			sourceTree = "<group>";
		};
/* End PBXGroup section */

/* Begin PBXNativeTarget section */
		85F2A35C29CCEBBF00DFF81E /* Motorize */ = {
			isa = PBXNativeTarget;
			buildConfigurationList = 85F2A36B29CCEBC100DFF81E /* Build configuration list for PBXNativeTarget "Motorize" */;
			buildPhases = (
				85F2A35929CCEBBF00DFF81E /* Sources */,
				85F2A35A29CCEBBF00DFF81E /* Frameworks */,
				85F2A35B29CCEBBF00DFF81E /* Resources */,
			);
			buildRules = (
			);
			dependencies = (
			);
			name = Motorize;
			productName = Motorize;
			productReference = 85F2A35D29CCEBBF00DFF81E /* Motorize.app */;
			productType = "com.apple.product-type.application";
		};
		85F2A37329CCEDAA00DFF81E /* MotorizeTests */ = {
			isa = PBXNativeTarget;
			buildConfigurationList = 85F2A37A29CCEDAA00DFF81E /* Build configuration list for PBXNativeTarget "MotorizeTests" */;
			buildPhases = (
				85F2A37029CCEDAA00DFF81E /* Sources */,
				85F2A37129CCEDAA00DFF81E /* Frameworks */,
				85F2A37229CCEDAA00DFF81E /* Resources */,
			);
			buildRules = (
			);
			dependencies = (
				85F2A37929CCEDAA00DFF81E /* PBXTargetDependency */,
			);
			name = MotorizeTests;
			productName = MotorizeTests;
			productReference = 85F2A37429CCEDAA00DFF81E /* MotorizeTests.xctest */;
			productType = "com.apple.product-type.bundle.unit-test";
		};
/* End PBXNativeTarget section */

/* Begin PBXProject section */
		85F2A35529CCEBBF00DFF81E /* Project object */ = {
			isa = PBXProject;
			attributes = {
				BuildIndependentTargetsInParallel = 1;
				LastSwiftUpdateCheck = 1410;
				LastUpgradeCheck = 1410;
				TargetAttributes = {
					85F2A35C29CCEBBF00DFF81E = {
						CreatedOnToolsVersion = 14.1;
					};
					85F2A37329CCEDAA00DFF81E = {
						CreatedOnToolsVersion = 14.1;
						TestTargetID = 85F2A35C29CCEBBF00DFF81E;
					};
				};
			};
			buildConfigurationList = 85F2A35829CCEBBF00DFF81E /* Build configuration list for PBXProject "Motorize" */;
			compatibilityVersion = "Xcode 14.0";
			developmentRegion = en;
			hasScannedForEncodings = 0;
			knownRegions = (
				en,
				Base,
			);
			mainGroup = 85F2A35429CCEBBF00DFF81E;
			productRefGroup = 85F2A35E29CCEBBF00DFF81E /* Products */;
			projectDirPath = "";
			projectRoot = "";
			targets = (
				85F2A35C29CCEBBF00DFF81E /* Motorize */,
				85F2A37329CCEDAA00DFF81E /* MotorizeTests */,
			);
		};
/* End PBXProject section */

/* Begin PBXResourcesBuildPhase section */
		85F2A35B29CCEBBF00DFF81E /* Resources */ = {
			isa = PBXResourcesBuildPhase;
			buildActionMask = 2147483647;
			files = (
				85F2A36829CCEBC100DFF81E /* Preview Assets.xcassets in Resources */,
				85F2A36529CCEBC100DFF81E /* Assets.xcassets in Resources */,
			);
			runOnlyForDeploymentPostprocessing = 0;
		};
		85F2A37229CCEDAA00DFF81E /* Resources */ = {
			isa = PBXResourcesBuildPhase;
			buildActionMask = 2147483647;
			files = (
			);
			runOnlyForDeploymentPostprocessing = 0;
		};
/* End PBXResourcesBuildPhase section */

/* Begin PBXSourcesBuildPhase section */
		85F2A35929CCEBBF00DFF81E /* Sources */ = {
			isa = PBXSourcesBuildPhase;
			buildActionMask = 2147483647;
			files = (
				85F2A36329CCEBBF00DFF81E /* ContentView.swift in Sources */,
				85F2A36129CCEBBF00DFF81E /* MotorizeApp.swift in Sources */,
			);
			runOnlyForDeploymentPostprocessing = 0;
		};
		85F2A37029CCEDAA00DFF81E /* Sources */ = {
			isa = PBXSourcesBuildPhase;
			buildActionMask = 2147483647;
			files = (
				85F2A37729CCEDAA00DFF81E /* MotorizeTests.swift in Sources */,
			);
			runOnlyForDeploymentPostprocessing = 0;
		};
/* End PBXSourcesBuildPhase section */

/* Begin PBXTargetDependency section */
		85F2A37929CCEDAA00DFF81E /* PBXTargetDependency */ = {
			isa = PBXTargetDependency;
			target = 85F2A35C29CCEBBF00DFF81E /* Motorize */;
			targetProxy = 85F2A37829CCEDAA00DFF81E /* PBXContainerItemProxy */;
		};
/* End PBXTargetDependency section */

/* Begin XCBuildConfiguration section */
		85F2A36929CCEBC100DFF81E /* Debug */ = {
			isa = XCBuildConfiguration;
			buildSettings = {
				ALWAYS_SEARCH_USER_PATHS = NO;
				CLANG_ANALYZER_NONNULL = YES;
				CLANG_ANALYZER_NUMBER_OBJECT_CONVERSION = YES_AGGRESSIVE;
				CLANG_CXX_LANGUAGE_STANDARD = "gnu++20";
				CLANG_ENABLE_MODULES = YES;
				CLANG_ENABLE_OBJC_ARC = YES;
				CLANG_ENABLE_OBJC_WEAK = YES;
				CLANG_WARN_BLOCK_CAPTURE_AUTORELEASING = YES;
				CLANG_WARN_BOOL_CONVERSION = YES;
				CLANG_WARN_COMMA = YES;
				CLANG_WARN_CONSTANT_CONVERSION = YES;
				CLANG_WARN_DEPRECATED_OBJC_IMPLEMENTATIONS = YES;
				CLANG_WARN_DIRECT_OBJC_ISA_USAGE = YES_ERROR;
				CLANG_WARN_DOCUMENTATION_COMMENTS = YES;
				CLANG_WARN_EMPTY_BODY = YES;
				CLANG_WARN_ENUM_CONVERSION = YES;
				CLANG_WARN_INFINITE_RECURSION = YES;
				CLANG_WARN_INT_CONVERSION = YES;
				CLANG_WARN_NON_LITERAL_NULL_CONVERSION = YES;
				CLANG_WARN_OBJC_IMPLICIT_RETAIN_SELF = YES;
				CLANG_WARN_OBJC_LITERAL_CONVERSION = YES;
				CLANG_WARN_OBJC_ROOT_CLASS = YES_ERROR;
				CLANG_WARN_QUOTED_INCLUDE_IN_FRAMEWORK_HEADER = YES;
				CLANG_WARN_RANGE_LOOP_ANALYSIS = YES;
				CLANG_WARN_STRICT_PROTOTYPES = YES;
				CLANG_WARN_SUSPICIOUS_MOVE = YES;
				CLANG_WARN_UNGUARDED_AVAILABILITY = YES_AGGRESSIVE;
				CLANG_WARN_UNREACHABLE_CODE = YES;
				CLANG_WARN__DUPLICATE_METHOD_MATCH = YES;
				COPY_PHASE_STRIP = NO;
				DEBUG_INFORMATION_FORMAT = dwarf;
				ENABLE_STRICT_OBJC_MSGSEND = YES;
				ENABLE_TESTABILITY = YES;
				GCC_C_LANGUAGE_STANDARD = gnu11;
				GCC_DYNAMIC_NO_PIC = NO;
				GCC_NO_COMMON_BLOCKS = YES;
				GCC_OPTIMIZATION_LEVEL = 0;
				GCC_PREPROCESSOR_DEFINITIONS = (
					"DEBUG=1",
					"$(inherited)",
				);
				GCC_WARN_64_TO_32_BIT_CONVERSION = YES;
				GCC_WARN_ABOUT_RETURN_TYPE = YES_ERROR;
				GCC_WARN_UNDECLARED_SELECTOR = YES;
				GCC_WARN_UNINITIALIZED_AUTOS = YES_AGGRESSIVE;
				GCC_WARN_UNUSED_FUNCTION = YES;
				GCC_WARN_UNUSED_VARIABLE = YES;
				IPHONEOS_DEPLOYMENT_TARGET = 16.1;
				MTL_ENABLE_DEBUG_INFO = INCLUDE_SOURCE;
				MTL_FAST_MATH = YES;
				ONLY_ACTIVE_ARCH = YES;
				SDKROOT = iphoneos;
				SWIFT_ACTIVE_COMPILATION_CONDITIONS = DEBUG;
				SWIFT_OPTIMIZATION_LEVEL = "-Onone";
			};
			name = Debug;
		};
		85F2A36A29CCEBC100DFF81E /* Release */ = {
			isa = XCBuildConfiguration;
			buildSettings = {
				ALWAYS_SEARCH_USER_PATHS = NO;
				CLANG_ANALYZER_NONNULL = YES;
				CLANG_ANALYZER_NUMBER_OBJECT_CONVERSION = YES_AGGRESSIVE;
				CLANG_CXX_LANGUAGE_STANDARD = "gnu++20";
				CLANG_ENABLE_MODULES = YES;
				CLANG_ENABLE_OBJC_ARC = YES;
				CLANG_ENABLE_OBJC_WEAK = YES;
				CLANG_WARN_BLOCK_CAPTURE_AUTORELEASING = YES;
				CLANG_WARN_BOOL_CONVERSION = YES;
				CLANG_WARN_COMMA = YES;
				CLANG_WARN_CONSTANT_CONVERSION = YES;
				CLANG_WARN_DEPRECATED_OBJC_IMPLEMENTATIONS = YES;
				CLANG_WARN_DIRECT_OBJC_ISA_USAGE = YES_ERROR;
				CLANG_WARN_DOCUMENTATION_COMMENTS = YES;
				CLANG_WARN_EMPTY_BODY = YES;
				CLANG_WARN_ENUM_CONVERSION = YES;
				CLANG_WARN_INFINITE_RECURSION = YES;
				CLANG_WARN_INT_CONVERSION = YES;
				CLANG_WARN_NON_LITERAL_NULL_CONVERSION = YES;
				CLANG_WARN_OBJC_IMPLICIT_RETAIN_SELF = YES;
				CLANG_WARN_OBJC_LITERAL_CONVERSION = YES;
				CLANG_WARN_OBJC_ROOT_CLASS = YES_ERROR;
				CLANG_WARN_QUOTED_INCLUDE_IN_FRAMEWORK_HEADER = YES;
				CLANG_WARN_RANGE_LOOP_ANALYSIS = YES;
				CLANG_WARN_STRICT_PROTOTYPES = YES;
				CLANG_WARN_SUSPICIOUS_MOVE = YES;
				CLANG_WARN_UNGUARDED_AVAILABILITY = YES_AGGRESSIVE;
				CLANG_WARN_UNREACHABLE_CODE = YES;
				CLANG_WARN__DUPLICATE_METHOD_MATCH = YES;
				COPY_PHASE_STRIP = NO;
				DEBUG_INFORMATION_FORMAT = "dwarf-with-dsym";
				ENABLE_NS_ASSERTIONS = NO;
				ENABLE_STRICT_OBJC_MSGSEND = YES;
				GCC_C_LANGUAGE_STANDARD = gnu11;
				GCC_NO_COMMON_BLOCKS = YES;
				GCC_WARN_64_TO_32_BIT_CONVERSION = YES;
				GCC_WARN_ABOUT_RETURN_TYPE = YES_ERROR;
				GCC_WARN_UNDECLARED_SELECTOR = YES;
				GCC_WARN_UNINITIALIZED_AUTOS = YES_AGGRESSIVE;
				GCC_WARN_UNUSED_FUNCTION = YES;
				GCC_WARN_UNUSED_VARIABLE = YES;
				IPHONEOS_DEPLOYMENT_TARGET = 16.1;
				MTL_ENABLE_DEBUG_INFO = NO;
				MTL_FAST_MATH = YES;
				SDKROOT = iphoneos;
				SWIFT_COMPILATION_MODE = wholemodule;
				SWIFT_OPTIMIZATION_LEVEL = "-O";
				VALIDATE_PRODUCT = YES;
			};
			name = Release;
		};
		85F2A36C29CCEBC100DFF81E /* Debug */ = {
			isa = XCBuildConfiguration;
			buildSettings = {
				ASSETCATALOG_COMPILER_APPICON_NAME = AppIcon;
				ASSETCATALOG_COMPILER_GLOBAL_ACCENT_COLOR_NAME = AccentColor;
				CODE_SIGN_STYLE = Automatic;
				CURRENT_PROJECT_VERSION = 1;
				DEVELOPMENT_ASSET_PATHS = "\"Motorize/Preview Content\"";
				DEVELOPMENT_TEAM = F2MBMJ3PK6;
				ENABLE_PREVIEWS = YES;
				GENERATE_INFOPLIST_FILE = YES;
				INFOPLIST_KEY_UIApplicationSceneManifest_Generation = YES;
				INFOPLIST_KEY_UIApplicationSupportsIndirectInputEvents = YES;
				INFOPLIST_KEY_UILaunchScreen_Generation = YES;
				INFOPLIST_KEY_UISupportedInterfaceOrientations_iPad = "UIInterfaceOrientationPortrait UIInterfaceOrientationPortraitUpsideDown UIInterfaceOrientationLandscapeLeft UIInterfaceOrientationLandscapeRight";
				INFOPLIST_KEY_UISupportedInterfaceOrientations_iPhone = "UIInterfaceOrientationPortrait UIInterfaceOrientationLandscapeLeft UIInterfaceOrientationLandscapeRight";
				LD_RUNPATH_SEARCH_PATHS = (
					"$(inherited)",
					"@executable_path/Frameworks",
				);
				MARKETING_VERSION = 1.0;
				PRODUCT_BUNDLE_IDENTIFIER = joanwmoliveira.Motorize;
				PRODUCT_NAME = "$(TARGET_NAME)";
				SWIFT_EMIT_LOC_STRINGS = YES;
				SWIFT_VERSION = 5.0;
				TARGETED_DEVICE_FAMILY = "1,2";
			};
			name = Debug;
		};
		85F2A36D29CCEBC100DFF81E /* Release */ = {
			isa = XCBuildConfiguration;
			buildSettings = {
				ASSETCATALOG_COMPILER_APPICON_NAME = AppIcon;
				ASSETCATALOG_COMPILER_GLOBAL_ACCENT_COLOR_NAME = AccentColor;
				CODE_SIGN_STYLE = Automatic;
				CURRENT_PROJECT_VERSION = 1;
				DEVELOPMENT_ASSET_PATHS = "\"Motorize/Preview Content\"";
				DEVELOPMENT_TEAM = F2MBMJ3PK6;
				ENABLE_PREVIEWS = YES;
				GENERATE_INFOPLIST_FILE = YES;
				INFOPLIST_KEY_UIApplicationSceneManifest_Generation = YES;
				INFOPLIST_KEY_UIApplicationSupportsIndirectInputEvents = YES;
				INFOPLIST_KEY_UILaunchScreen_Generation = YES;
				INFOPLIST_KEY_UISupportedInterfaceOrientations_iPad = "UIInterfaceOrientationPortrait UIInterfaceOrientationPortraitUpsideDown UIInterfaceOrientationLandscapeLeft UIInterfaceOrientationLandscapeRight";
				INFOPLIST_KEY_UISupportedInterfaceOrientations_iPhone = "UIInterfaceOrientationPortrait UIInterfaceOrientationLandscapeLeft UIInterfaceOrientationLandscapeRight";
				LD_RUNPATH_SEARCH_PATHS = (
					"$(inherited)",
					"@executable_path/Frameworks",
				);
				MARKETING_VERSION = 1.0;
				PRODUCT_BUNDLE_IDENTIFIER = joanwmoliveira.Motorize;
				PRODUCT_NAME = "$(TARGET_NAME)";
				SWIFT_EMIT_LOC_STRINGS = YES;
				SWIFT_VERSION = 5.0;
				TARGETED_DEVICE_FAMILY = "1,2";
			};
			name = Release;
		};
		85F2A37B29CCEDAA00DFF81E /* Debug */ = {
			isa = XCBuildConfiguration;
			buildSettings = {
				BUNDLE_LOADER = "$(TEST_HOST)";
				CODE_SIGN_STYLE = Automatic;
				CURRENT_PROJECT_VERSION = 1;
				DEVELOPMENT_TEAM = F2MBMJ3PK6;
				GENERATE_INFOPLIST_FILE = YES;
				MARKETING_VERSION = 1.0;
				PRODUCT_BUNDLE_IDENTIFIER = joanwmoliveira.MotorizeTests;
				PRODUCT_NAME = "$(TARGET_NAME)";
				SWIFT_EMIT_LOC_STRINGS = NO;
				SWIFT_VERSION = 5.0;
				TARGETED_DEVICE_FAMILY = "1,2";
				TEST_HOST = "$(BUILT_PRODUCTS_DIR)/Motorize.app/$(BUNDLE_EXECUTABLE_FOLDER_PATH)/Motorize";
			};
			name = Debug;
		};
		85F2A37C29CCEDAA00DFF81E /* Release */ = {
			isa = XCBuildConfiguration;
			buildSettings = {
				BUNDLE_LOADER = "$(TEST_HOST)";
				CODE_SIGN_STYLE = Automatic;
				CURRENT_PROJECT_VERSION = 1;
				DEVELOPMENT_TEAM = F2MBMJ3PK6;
				GENERATE_INFOPLIST_FILE = YES;
				MARKETING_VERSION = 1.0;
				PRODUCT_BUNDLE_IDENTIFIER = joanwmoliveira.MotorizeTests;
				PRODUCT_NAME = "$(TARGET_NAME)";
				SWIFT_EMIT_LOC_STRINGS = NO;
				SWIFT_VERSION = 5.0;
				TARGETED_DEVICE_FAMILY = "1,2";
				TEST_HOST = "$(BUILT_PRODUCTS_DIR)/Motorize.app/$(BUNDLE_EXECUTABLE_FOLDER_PATH)/Motorize";
			};
			name = Release;
		};
/* End XCBuildConfiguration section */

/* Begin XCConfigurationList section */
		85F2A35829CCEBBF00DFF81E /* Build configuration list for PBXProject "Motorize" */ = {
			isa = XCConfigurationList;
			buildConfigurations = (
				85F2A36929CCEBC100DFF81E /* Debug */,
				85F2A36A29CCEBC100DFF81E /* Release */,
			);
			defaultConfigurationIsVisible = 0;
			defaultConfigurationName = Release;
		};
		85F2A36B29CCEBC100DFF81E /* Build configuration list for PBXNativeTarget "Motorize" */ = {
			isa = XCConfigurationList;
			buildConfigurations = (
				85F2A36C29CCEBC100DFF81E /* Debug */,
				85F2A36D29CCEBC100DFF81E /* Release */,
			);
			defaultConfigurationIsVisible = 0;
			defaultConfigurationName = Release;
		};
		85F2A37A29CCEDAA00DFF81E /* Build configuration list for PBXNativeTarget "MotorizeTests" */ = {
			isa = XCConfigurationList;
			buildConfigurations = (
				85F2A37B29CCEDAA00DFF81E /* Debug */,
				85F2A37C29CCEDAA00DFF81E /* Release */,
			);
			defaultConfigurationIsVisible = 0;
			defaultConfigurationName = Release;
		};
/* End XCConfigurationList section */
	};
	rootObject = 85F2A35529CCEBBF00DFF81E /* Project object */;
}
